{
	"name": "hekura",
	"version": "1.0.1",
	"lockfileVersion": 2,
	"requires": true,
	"packages": {
		"": {
			"name": "hekura",
			"version": "1.0.1",
			"license": "LGPL-3.0-or-later",
			"os": [
				"win32"
			],
			"dependencies": {
				"aroari": "file:.yalc/aroari",
				"asn1js": "^2.3.1",
				"hamahiri": "file:.yalc/hamahiri",
				"tcp-port-used": "1.0.2",
				"wanhamou": "file:.yalc/wanhamou"
			}
		},
		".yalc/aroari": {
			"version": "1.0.0",
			"license": "LGPL-3.0-or-later",
			"os": [
				"win32"
			],
			"dependencies": {
				"asn1js": "2.1.1",
				"hamahiri": "file:.yalc/hamahiri"
			}
		},
		".yalc/aroari/.yalc/hamahiri": {
			"version": "1.0.0",
			"extraneous": true,
			"license": "LGPL-3.0-or-later",
			"os": [
				"win32"
			],
			"dependencies": {
				"node-addon-api": "1.1.0"
			}
		},
		".yalc/aroari/node_modules/asn1js": {
			"version": "2.1.1",
			"resolved": "https://registry.npmjs.org/asn1js/-/asn1js-2.1.1.tgz",
			"integrity": "sha512-t9u0dU0rJN4ML+uxgN6VM2Z4H5jWIYm0w8LsZLzMJaQsgL3IJNbxHgmbWDvJAwspyHpDFuzUaUFh4c05UB4+6g==",
			"dependencies": {
				"pvutils": "latest"
			},
			"engines": {
				"node": ">=6.0.0"
			}
		},
		".yalc/hamahiri": {
			"version": "1.0.0",
			"hasInstallScript": true,
			"license": "LGPL-3.0-or-later",
			"os": [
				"win32"
			],
			"dependencies": {
				"node-addon-api": "1.1.0"
			}
		},
		".yalc/wanhamou": {
			"version": "1.0.0",
			"license": "LGPL-3.0-or-later",
			"os": [
				"win32"
			]
		},
		"node_modules/aroari": {
			"resolved": ".yalc/aroari",
			"link": true
		},
		"node_modules/asn1js": {
			"version": "2.3.1",
			"resolved": "https://registry.npmjs.org/asn1js/-/asn1js-2.3.1.tgz",
			"integrity": "sha512-yHJiioYUZb7TPjxNc9HRiDIbGDb99UrqV8hm5k9mUetXJloPNsMPrHPJhr1ts1Qf+1ByV2gtpz/Bi34bJWrL/g==",
			"dependencies": {
				"pvutils": "latest"
			},
			"engines": {
				"node": ">=6.0.0"
			}
		},
		"node_modules/debug": {
			"version": "4.3.1",
			"resolved": "https://registry.npmjs.org/debug/-/debug-4.3.1.tgz",
			"integrity": "sha512-doEwdvm4PCeK4K3RQN2ZC2BYUBaxwLARCqZmMjtF8a51J2Rb0xpVloFRnCODwqjpwnAoao4pelN8l3RJdv3gRQ==",
			"dependencies": {
				"ms": "2.1.2"
			},
			"engines": {
				"node": ">=6.0"
			},
			"peerDependenciesMeta": {
				"supports-color": {
					"optional": true
				}
			}
		},
		"node_modules/deep-is": {
			"version": "0.1.4",
			"resolved": "https://registry.npmjs.org/deep-is/-/deep-is-0.1.4.tgz",
			"integrity": "sha512-oIPzksmTg4/MriiaYGO+okXDT7ztn/w3Eptv/+gSIdMdKsJo0u4CfYNFJPy+4SKMuCqGw2wxnA+URMg3t8a/bQ=="
		},
		"node_modules/hamahiri": {
			"resolved": ".yalc/hamahiri",
			"link": true
		},
		"node_modules/ip-regex": {
			"version": "4.3.0",
			"resolved": "https://registry.npmjs.org/ip-regex/-/ip-regex-4.3.0.tgz",
			"integrity": "sha512-B9ZWJxHHOHUhUjCPrMpLD4xEq35bUTClHM1S6CBU5ixQnkZmwipwgc96vAd7AAGM9TGHvJR+Uss+/Ak6UphK+Q==",
			"engines": {
				"node": ">=8"
			}
		},
		"node_modules/is-url": {
			"version": "1.2.4",
			"resolved": "https://registry.npmjs.org/is-url/-/is-url-1.2.4.tgz",
			"integrity": "sha512-ITvGim8FhRiYe4IQ5uHSkj7pVaPDrCTkNd3yq3cV7iZAcJdHTUMPMEHcqSOy9xZ9qFenQCvi+2wjH9a1nXqHww=="
		},
		"node_modules/is2": {
			"version": "2.0.7",
			"resolved": "https://registry.npmjs.org/is2/-/is2-2.0.7.tgz",
			"integrity": "sha512-4vBQoURAXC6hnLFxD4VW7uc04XiwTTl/8ydYJxKvPwkWQrSjInkuM5VZVg6BGr1/natq69zDuvO9lGpLClJqvA==",
			"dependencies": {
				"deep-is": "^0.1.3",
				"ip-regex": "^4.1.0",
				"is-url": "^1.2.4"
			},
			"engines": {
				"node": ">=v0.10.0"
			}
		},
		"node_modules/ms": {
			"version": "2.1.2",
			"resolved": "https://registry.npmjs.org/ms/-/ms-2.1.2.tgz",
			"integrity": "sha512-sGkPx+VjMtmA6MX27oA4FBFELFCZZ4S4XqeGOXCv68tT+jb3vk/RyaKWP0PTKyWtmLSM0b+adUTEvbs1PEaH2w=="
		},
		"node_modules/node-addon-api": {
			"version": "1.1.0",
			"resolved": "https://registry.npmjs.org/node-addon-api/-/node-addon-api-1.1.0.tgz",
			"integrity": "sha512-WSGZ/xdGcyhNY2neCHS/JKQXdbOU5qZp8EGwxpEWSqOmI9+sCwO93npSH93ipa4z13+KZhGUgA5g/EAKH/F+Wg=="
		},
		"node_modules/pvutils": {
			"version": "1.1.3",
			"resolved": "https://registry.npmjs.org/pvutils/-/pvutils-1.1.3.tgz",
			"integrity": "sha512-pMpnA0qRdFp32b1sJl1wOJNxZLQ2cbQx+k6tjNtZ8CpvVhNqEPRgivZ2WOUev2YMajecdH7ctUPDvEe87nariQ==",
			"engines": {
				"node": ">=6.0.0"
			}
		},
		"node_modules/tcp-port-used": {
			"version": "1.0.2",
			"resolved": "https://registry.npmjs.org/tcp-port-used/-/tcp-port-used-1.0.2.tgz",
			"integrity": "sha512-l7ar8lLUD3XS1V2lfoJlCBaeoaWo/2xfYt81hM7VlvR4RrMVFqfmzfhLVk40hAb368uitje5gPtBRL1m/DGvLA==",
			"dependencies": {
				"debug": "4.3.1",
				"is2": "^2.0.6"
			}
		},
		"node_modules/wanhamou": {
			"resolved": ".yalc/wanhamou",
			"link": true
		}
	},
	"dependencies": {
		"aroari": {
			"version": "file:.yalc/aroari",
			"requires": {
				"asn1js": "2.1.1",
				"hamahiri": "file:.yalc/hamahiri"
			},
			"dependencies": {
				"asn1js": {
					"version": "2.1.1",
					"resolved": "https://registry.npmjs.org/asn1js/-/asn1js-2.1.1.tgz",
					"integrity": "sha512-t9u0dU0rJN4ML+uxgN6VM2Z4H5jWIYm0w8LsZLzMJaQsgL3IJNbxHgmbWDvJAwspyHpDFuzUaUFh4c05UB4+6g==",
					"requires": {
						"pvutils": "latest"
					}
				}
			}
		},
		"asn1js": {
			"version": "2.3.1",
			"resolved": "https://registry.npmjs.org/asn1js/-/asn1js-2.3.1.tgz",
			"integrity": "sha512-yHJiioYUZb7TPjxNc9HRiDIbGDb99UrqV8hm5k9mUetXJloPNsMPrHPJhr1ts1Qf+1ByV2gtpz/Bi34bJWrL/g==",
			"requires": {
				"pvutils": "latest"
			}
		},
		"debug": {
			"version": "4.3.1",
			"resolved": "https://registry.npmjs.org/debug/-/debug-4.3.1.tgz",
			"integrity": "sha512-doEwdvm4PCeK4K3RQN2ZC2BYUBaxwLARCqZmMjtF8a51J2Rb0xpVloFRnCODwqjpwnAoao4pelN8l3RJdv3gRQ==",
			"requires": {
				"ms": "2.1.2"
			}
		},
		"deep-is": {
			"version": "0.1.4",
			"resolved": "https://registry.npmjs.org/deep-is/-/deep-is-0.1.4.tgz",
			"integrity": "sha512-oIPzksmTg4/MriiaYGO+okXDT7ztn/w3Eptv/+gSIdMdKsJo0u4CfYNFJPy+4SKMuCqGw2wxnA+URMg3t8a/bQ=="
		},
		"hamahiri": {
			"version": "file:.yalc/hamahiri",
			"requires": {
				"node-addon-api": "1.1.0"
			}
		},
		"ip-regex": {
			"version": "4.3.0",
			"resolved": "https://registry.npmjs.org/ip-regex/-/ip-regex-4.3.0.tgz",
			"integrity": "sha512-B9ZWJxHHOHUhUjCPrMpLD4xEq35bUTClHM1S6CBU5ixQnkZmwipwgc96vAd7AAGM9TGHvJR+Uss+/Ak6UphK+Q=="
		},
		"is-url": {
			"version": "1.2.4",
			"resolved": "https://registry.npmjs.org/is-url/-/is-url-1.2.4.tgz",
			"integrity": "sha512-ITvGim8FhRiYe4IQ5uHSkj7pVaPDrCTkNd3yq3cV7iZAcJdHTUMPMEHcqSOy9xZ9qFenQCvi+2wjH9a1nXqHww=="
		},
		"is2": {
			"version": "2.0.7",
			"resolved": "https://registry.npmjs.org/is2/-/is2-2.0.7.tgz",
			"integrity": "sha512-4vBQoURAXC6hnLFxD4VW7uc04XiwTTl/8ydYJxKvPwkWQrSjInkuM5VZVg6BGr1/natq69zDuvO9lGpLClJqvA==",
			"requires": {
				"deep-is": "^0.1.3",
				"ip-regex": "^4.1.0",
				"is-url": "^1.2.4"
			}
		},
		"ms": {
			"version": "2.1.2",
			"resolved": "https://registry.npmjs.org/ms/-/ms-2.1.2.tgz",
			"integrity": "sha512-sGkPx+VjMtmA6MX27oA4FBFELFCZZ4S4XqeGOXCv68tT+jb3vk/RyaKWP0PTKyWtmLSM0b+adUTEvbs1PEaH2w=="
		},
		"node-addon-api": {
			"version": "1.1.0",
			"resolved": "https://registry.npmjs.org/node-addon-api/-/node-addon-api-1.1.0.tgz",
			"integrity": "sha512-WSGZ/xdGcyhNY2neCHS/JKQXdbOU5qZp8EGwxpEWSqOmI9+sCwO93npSH93ipa4z13+KZhGUgA5g/EAKH/F+Wg=="
		},
		"pvutils": {
			"version": "1.1.3",
			"resolved": "https://registry.npmjs.org/pvutils/-/pvutils-1.1.3.tgz",
			"integrity": "sha512-pMpnA0qRdFp32b1sJl1wOJNxZLQ2cbQx+k6tjNtZ8CpvVhNqEPRgivZ2WOUev2YMajecdH7ctUPDvEe87nariQ=="
		},
		"tcp-port-used": {
			"version": "1.0.2",
			"resolved": "https://registry.npmjs.org/tcp-port-used/-/tcp-port-used-1.0.2.tgz",
			"integrity": "sha512-l7ar8lLUD3XS1V2lfoJlCBaeoaWo/2xfYt81hM7VlvR4RrMVFqfmzfhLVk40hAb368uitje5gPtBRL1m/DGvLA==",
			"requires": {
				"debug": "4.3.1",
				"is2": "^2.0.6"
			}
		},
		"wanhamou": {
			"version": "file:.yalc/wanhamou"
		}
	}
}
