{
	"name": "aroari",
	"version": "1.0.0",
	"lockfileVersion": 2,
	"requires": true,
	"packages": {
		"": {
			"name": "aroari",
			"version": "1.0.0",
			"license": "LGPL-3.0-or-later",
			"os": [
				"win32"
			],
			"dependencies": {
				"asn1js": "^2.3.1",
				"hamahiri": "file:.yalc/hamahiri"
			}
		},
		".yalc/hamahiri": {
			"version": "1.0.0",
			"hasInstallScript": true,
			"license": "LGPL-3.0-or-later",
			"os": [
				"win32"
			],
			"dependencies": {
				"node-addon-api": "1.1.0"
			}
		},
		"node_modules/asn1js": {
			"version": "2.3.1",
			"resolved": "https://registry.npmjs.org/asn1js/-/asn1js-2.3.1.tgz",
			"integrity": "sha512-yHJiioYUZb7TPjxNc9HRiDIbGDb99UrqV8hm5k9mUetXJloPNsMPrHPJhr1ts1Qf+1ByV2gtpz/Bi34bJWrL/g==",
			"dependencies": {
				"pvutils": "latest"
			},
			"engines": {
				"node": ">=6.0.0"
			}
		},
		"node_modules/hamahiri": {
			"resolved": ".yalc/hamahiri",
			"link": true
		},
		"node_modules/node-addon-api": {
			"version": "1.1.0",
			"resolved": "https://registry.npmjs.org/node-addon-api/-/node-addon-api-1.1.0.tgz",
			"integrity": "sha512-WSGZ/xdGcyhNY2neCHS/JKQXdbOU5qZp8EGwxpEWSqOmI9+sCwO93npSH93ipa4z13+KZhGUgA5g/EAKH/F+Wg=="
		},
		"node_modules/pvutils": {
			"version": "1.0.17",
			"resolved": "https://registry.npmjs.org/pvutils/-/pvutils-1.0.17.tgz",
			"integrity": "sha512-wLHYUQxWaXVQvKnwIDWFVKDJku9XDCvyhhxoq8dc5MFdIlRenyPI9eSfEtcvgHgD7FlvCyGAlWgOzRnZD99GZQ==",
			"engines": {
				"node": ">=6.0.0"
			}
		}
	},
	"dependencies": {
		"asn1js": {
			"version": "2.3.1",
			"resolved": "https://registry.npmjs.org/asn1js/-/asn1js-2.3.1.tgz",
			"integrity": "sha512-yHJiioYUZb7TPjxNc9HRiDIbGDb99UrqV8hm5k9mUetXJloPNsMPrHPJhr1ts1Qf+1ByV2gtpz/Bi34bJWrL/g==",
			"requires": {
				"pvutils": "latest"
			}
		},
		"hamahiri": {
			"version": "file:.yalc/hamahiri",
			"requires": {
				"node-addon-api": "1.1.0"
			}
		},
		"node-addon-api": {
			"version": "1.1.0",
			"resolved": "https://registry.npmjs.org/node-addon-api/-/node-addon-api-1.1.0.tgz",
			"integrity": "sha512-WSGZ/xdGcyhNY2neCHS/JKQXdbOU5qZp8EGwxpEWSqOmI9+sCwO93npSH93ipa4z13+KZhGUgA5g/EAKH/F+Wg=="
		},
		"pvutils": {
			"version": "1.0.17",
			"resolved": "https://registry.npmjs.org/pvutils/-/pvutils-1.0.17.tgz",
			"integrity": "sha512-wLHYUQxWaXVQvKnwIDWFVKDJku9XDCvyhhxoq8dc5MFdIlRenyPI9eSfEtcvgHgD7FlvCyGAlWgOzRnZD99GZQ=="
		}
	}
}
