{
  "version": "v1",
  "packages": {
    "hamahiri": {
      "signature": "90974ba2bab500f10279e59475ff4d52",
      "file": true
    },
    "aroari": {
      "signature": "ab1fe92d50c9e605a4f02298a25d0ac1",
      "file": true
    },
    "wanhamou": {
      "signature": "2e5ff6b4cea9b2d716aeb156e4351672",
      "file": true
    },
    "hekura": {
      "signature": "ea4c652536e3719e18dcd49bfc50a180",
      "file": true
    }
  }
}